{
  "name": "srmall-capstone",
  "lockfileVersion": 3,
  "requires": true,
  "packages": {
    "": {
      "name": "srmall-capstone",
      "dependencies": {
        "enhanced-resolve": "^5.20.1"
      },
      "devDependencies": {
        "prettier": "latest"
      },
      "engines": {
        "node": ">=18"
      }
    },
    "apps/mobile": {
      "version": "1.0.0",
      "extraneous": true,
      "dependencies": {
        "expo": "~55.0.8",
        "expo-status-bar": "~55.0.4",
        "react": "19.2.0",
        "react-native": "0.83.2"
      },
      "devDependencies": {
        "@types/react": "~19.2.2",
        "typescript": "~5.9.2"
      }
    },
    "apps/web": {
      "version": "0.1.0",
      "extraneous": true,
      "dependencies": {
        "@hookform/resolvers": "^5.2.2",
        "@srmall/database": "file:../../packages/database",
        "bcryptjs": "^3.0.3",
        "clsx": "^2.1.1",
        "enhanced-resolve": "^5.20.1",
        "jspdf": "^4.2.1",
        "lucide-react": "^0.577.0",
        "next": "16.2.0",
        "next-themes": "^0.4.6",
        "react": "19.2.4",
        "react-dom": "19.2.4",
        "react-hook-form": "^7.71.2",
        "zod": "^3.25.76"
      },
      "devDependencies": {
        "@types/bcryptjs": "^3.0.0",
        "@types/next": "^8.0.7",
        "@types/node": "20.19.37",
        "@types/react": "19.2.14",
        "@types/react-dom": "^19",
        "autoprefixer": "^10.4.14",
        "eslint": "^9",
        "eslint-config-next": "16.2.0",
        "postcss": "^8.4.24",
        "tailwindcss": "^3.4.0",
        "typescript": "^5"
      }
    },
    "node_modules/enhanced-resolve": {
      "version": "5.20.1",
      "resolved": "https://registry.npmjs.org/enhanced-resolve/-/enhanced-resolve-5.20.1.tgz",
      "integrity": "sha512-Qohcme7V1inbAfvjItgw0EaxVX5q2rdVEZHRBrEQdRZTssLDGsL8Lwrznl8oQ/6kuTJONLaDcGjkNP247XEhcA==",
      "license": "MIT",
      "dependencies": {
        "graceful-fs": "^4.2.4",
        "tapable": "^2.3.0"
      },
      "engines": {
        "node": ">=10.13.0"
      }
    },
    "node_modules/graceful-fs": {
      "version": "4.2.11",
      "resolved": "https://registry.npmjs.org/graceful-fs/-/graceful-fs-4.2.11.tgz",
      "integrity": "sha512-RbJ5/jmFcNNCcDV5o9eTnBLJ/HszWV0P73bc+Ff4nS/rJj+YaS6IGyiOL0VoBYX+l1Wrl3k63h/KrH+nhJ0XvQ==",
      "license": "ISC"
    },
    "node_modules/prettier": {
      "version": "3.8.1",
      "resolved": "https://registry.npmjs.org/prettier/-/prettier-3.8.1.tgz",
      "integrity": "sha512-UOnG6LftzbdaHZcKoPFtOcCKztrQ57WkHDeRD9t/PTQtmT0NHSeWWepj6pS0z/N7+08BHFDQVUrfmfMRcZwbMg==",
      "dev": true,
      "license": "MIT",
      "bin": {
        "prettier": "bin/prettier.cjs"
      },
      "engines": {
        "node": ">=14"
      },
      "funding": {
        "url": "https://github.com/prettier/prettier?sponsor=1"
      }
    },
    "node_modules/tapable": {
      "version": "2.3.2",
      "resolved": "https://registry.npmjs.org/tapable/-/tapable-2.3.2.tgz",
      "integrity": "sha512-1MOpMXuhGzGL5TTCZFItxCc0AARf1EZFQkGqMm7ERKj8+Hgr5oLvJOVFcC+lRmR8hCe2S3jC4T5D7Vg/d7/fhA==",
      "license": "MIT",
      "engines": {
        "node": ">=6"
      },
      "funding": {
        "type": "opencollective",
        "url": "https://opencollective.com/webpack"
      }
    },
    "packages/database": {
      "name": "@srmall/database",
      "version": "1.0.0",
      "extraneous": true,
      "dependencies": {
        "@prisma/client": "^5.22.0",
        "dotenv": "^17.3.1"
      },
      "devDependencies": {
        "@types/node": "^20.19.37",
        "prisma": "^5.22.0",
        "ts-node": "^10.9.2",
        "typescript": "^5.9.3"
      }
    }
  }
}
